# THIS IS AN AUTOGENERATED FILE. DO NOT EDIT THIS FILE DIRECTLY.
# yarn lockfile v1


addressparser@1.0.1:
  version "1.0.1"
  resolved "https://registry.yarnpkg.com/addressparser/-/addressparser-1.0.1.tgz#47afbe1a2a9262191db6838e4fd1d39b40821746"
  integrity sha1-R6++GiqSYhkdtoOOT9HTm0CCF0Y=

buildmail@4.0.1:
  version "4.0.1"
  resolved "https://registry.yarnpkg.com/buildmail/-/buildmail-4.0.1.tgz#877f7738b78729871c9a105e3b837d2be11a7a72"
  integrity sha1-h393OLeHKYccmhBeO4N9K+EaenI=
  dependencies:
    addressparser "1.0.1"
    libbase64 "0.1.0"
    libmime "3.0.0"
    libqp "1.1.0"
    nodemailer-fetch "1.6.0"
    nodemailer-shared "1.1.0"
    punycode "1.4.1"

httpntlm@1.6.1:
  version "1.6.1"
  resolved "https://registry.yarnpkg.com/httpntlm/-/httpntlm-1.6.1.tgz#ad01527143a2e8773cfae6a96f58656bb52a34b2"
  integrity sha1-rQFScUOi6Hc8+uapb1hla7UqNLI=
  dependencies:
    httpreq ">=0.4.22"
    underscore "~1.7.0"

httpreq@>=0.4.22:
  version "0.4.24"
  resolved "https://registry.yarnpkg.com/httpreq/-/httpreq-0.4.24.tgz#4335ffd82cd969668a39465c929ac61d6393627f"
  integrity sha1-QzX/2CzZaWaKOUZckprGHWOTYn8=

iconv-lite@0.4.15:
  version "0.4.15"
  resolved "https://registry.yarnpkg.com/iconv-lite/-/iconv-lite-0.4.15.tgz#fe265a218ac6a57cfe854927e9d04c19825eddeb"
  integrity sha1-/iZaIYrGpXz+hUkn6dBMGYJe3es=

ip@^1.1.2:
  version "1.1.5"
  resolved "https://registry.yarnpkg.com/ip/-/ip-1.1.5.tgz#bdded70114290828c0a039e72ef25f5aaec4354a"
  integrity sha1-vd7XARQpCCjAoDnnLvJfWq7ENUo=

libbase64@0.1.0:
  version "0.1.0"
  resolved "https://registry.yarnpkg.com/libbase64/-/libbase64-0.1.0.tgz#62351a839563ac5ff5bd26f12f60e9830bb751e6"
  integrity sha1-YjUag5VjrF/1vSbxL2Dpgwu3UeY=

libmime@3.0.0:
  version "3.0.0"
  resolved "https://registry.yarnpkg.com/libmime/-/libmime-3.0.0.tgz#51a1a9e7448ecbd32cda54421675bb21bc093da6"
  integrity sha1-UaGp50SOy9Ms2lRCFnW7IbwJPaY=
  dependencies:
    iconv-lite "0.4.15"
    libbase64 "0.1.0"
    libqp "1.1.0"

libqp@1.1.0:
  version "1.1.0"
  resolved "https://registry.yarnpkg.com/libqp/-/libqp-1.1.0.tgz#f5e6e06ad74b794fb5b5b66988bf728ef1dedbe8"
  integrity sha1-9ebgatdLeU+1tbZpiL9yjvHe2+g=

mailcomposer@4.0.1:
  version "4.0.1"
  resolved "https://registry.yarnpkg.com/mailcomposer/-/mailcomposer-4.0.1.tgz#0e1c44b2a07cf740ee17dc149ba009f19cadfeb4"
  integrity sha1-DhxEsqB890DuF9wUm6AJ8Zyt/rQ=
  dependencies:
    buildmail "4.0.1"
    libmime "3.0.0"

nodemailer-direct-transport@3.3.2:
  version "3.3.2"
  resolved "https://registry.yarnpkg.com/nodemailer-direct-transport/-/nodemailer-direct-transport-3.3.2.tgz#e96fafb90358560947e569017d97e60738a50a86"
  integrity sha1-6W+vuQNYVglH5WkBfZfmBzilCoY=
  dependencies:
    nodemailer-shared "1.1.0"
    smtp-connection "2.12.0"

nodemailer-fetch@1.6.0:
  version "1.6.0"
  resolved "https://registry.yarnpkg.com/nodemailer-fetch/-/nodemailer-fetch-1.6.0.tgz#79c4908a1c0f5f375b73fe888da9828f6dc963a4"
  integrity sha1-ecSQihwPXzdbc/6IjamCj23JY6Q=

nodemailer-shared@1.1.0:
  version "1.1.0"
  resolved "https://registry.yarnpkg.com/nodemailer-shared/-/nodemailer-shared-1.1.0.tgz#cf5994e2fd268d00f5cf0fa767a08169edb07ec0"
  integrity sha1-z1mU4v0mjQD1zw+nZ6CBae2wfsA=
  dependencies:
    nodemailer-fetch "1.6.0"

nodemailer-smtp-pool@2.8.2:
  version "2.8.2"
  resolved "https://registry.yarnpkg.com/nodemailer-smtp-pool/-/nodemailer-smtp-pool-2.8.2.tgz#2eb94d6cf85780b1b4725ce853b9cbd5e8da8c72"
  integrity sha1-LrlNbPhXgLG0clzoU7nL1ejajHI=
  dependencies:
    nodemailer-shared "1.1.0"
    nodemailer-wellknown "0.1.10"
    smtp-connection "2.12.0"

nodemailer-smtp-transport@2.7.2:
  version "2.7.2"
  resolved "https://registry.yarnpkg.com/nodemailer-smtp-transport/-/nodemailer-smtp-transport-2.7.2.tgz#03d71c76314f14ac7dbc7bf033a6a6d16d67fb77"
  integrity sha1-A9ccdjFPFKx9vHvwM6am0W1n+3c=
  dependencies:
    nodemailer-shared "1.1.0"
    nodemailer-wellknown "0.1.10"
    smtp-connection "2.12.0"

nodemailer-wellknown@0.1.10:
  version "0.1.10"
  resolved "https://registry.yarnpkg.com/nodemailer-wellknown/-/nodemailer-wellknown-0.1.10.tgz#586db8101db30cb4438eb546737a41aad0cf13d5"
  integrity sha1-WG24EB2zDLRDjrVGc3pBqtDPE9U=

nodemailer@^2.6.4:
  version "2.7.2"
  resolved "https://registry.yarnpkg.com/nodemailer/-/nodemailer-2.7.2.tgz#f242e649aeeae39b6c7ed740ef7b061c404d30f9"
  integrity sha1-8kLmSa7q45tsftdA73sGHEBNMPk=
  dependencies:
    libmime "3.0.0"
    mailcomposer "4.0.1"
    nodemailer-direct-transport "3.3.2"
    nodemailer-shared "1.1.0"
    nodemailer-smtp-pool "2.8.2"
    nodemailer-smtp-transport "2.7.2"
    socks "1.1.9"

punycode@1.4.1:
  version "1.4.1"
  resolved "https://registry.yarnpkg.com/punycode/-/punycode-1.4.1.tgz#c0d5a63b2718800ad8e1eb0fa5269c84dd41845e"
  integrity sha1-wNWmOycYgArY4esPpSachN1BhF4=

smart-buffer@^1.0.4:
  version "1.1.15"
  resolved "https://registry.yarnpkg.com/smart-buffer/-/smart-buffer-1.1.15.tgz#7f114b5b65fab3e2a35aa775bb12f0d1c649bf16"
  integrity sha1-fxFLW2X6s+KjWqd1uxLw0cZJvxY=

smtp-connection@2.12.0:
  version "2.12.0"
  resolved "https://registry.yarnpkg.com/smtp-connection/-/smtp-connection-2.12.0.tgz#d76ef9127cb23c2259edb1e8349c2e8d5e2d74c1"
  integrity sha1-1275EnyyPCJZ7bHoNJwujV4tdME=
  dependencies:
    httpntlm "1.6.1"
    nodemailer-shared "1.1.0"

socks@1.1.9:
  version "1.1.9"
  resolved "https://registry.yarnpkg.com/socks/-/socks-1.1.9.tgz#628d7e4d04912435445ac0b6e459376cb3e6d691"
  integrity sha1-Yo1+TQSRJDVEWsC25Fk3bLPm1pE=
  dependencies:
    ip "^1.1.2"
    smart-buffer "^1.0.4"

underscore@~1.7.0:
  version "1.7.0"
  resolved "https://registry.yarnpkg.com/underscore/-/underscore-1.7.0.tgz#6bbaf0877500d36be34ecaa584e0db9fef035209"
  integrity sha1-a7rwh3UA02vjTsqlhODbn+8DUgk=

wrappy@^1.0.2:
  version "1.0.2"
  resolved "https://registry.yarnpkg.com/wrappy/-/wrappy-1.0.2.tgz#b5243d8f3ec1aa35f1364605bc0d1036e30ab69f"
  integrity sha1-tSQ9jz7BqjXxNkYFvA0QNuMKtp8=
